
Microsoft Visual Studio Solution File, Format Version 12.00
# Visual Studio Version 17
VisualStudioVersion = 17.9.34728.123
MinimumVisualStudioVersion = 10.0.40219.1
Project("{FAE04EC0-301F-11D3-BF4B-00C04F79EFBC}") = "DemoBlazorWebApp", "DemoBlazorWebApp\DemoBlazorWebApp.csproj", "{066E0B3C-7DAC-4F2A-99C9-7A165B40E176}"
EndProject
Global
	GlobalSection(SolutionConfigurationPlatforms) = preSolution
		Debug|Any CPU = Debug|Any CPU
		Release|Any CPU = Release|Any CPU
	EndGlobalSection
	GlobalSection(ProjectConfigurationPlatforms) = postSolution
		{066E0B3C-7DAC-4F2A-99C9-7A165B40E176}.Debug|Any CPU.ActiveCfg = Debug|Any CPU
		{066E0B3C-7DAC-4F2A-99C9-7A165B40E176}.Debug|Any CPU.Build.0 = Debug|Any CPU
		{066E0B3C-7DAC-4F2A-99C9-7A165B40E176}.Release|Any CPU.ActiveCfg = Release|Any CPU
		{066E0B3C-7DAC-4F2A-99C9-7A165B40E176}.Release|Any CPU.Build.0 = Release|Any CPU
	EndGlobalSection
	GlobalSection(SolutionProperties) = preSolution
		HideSolutionNode = FALSE
	EndGlobalSection
	GlobalSection(ExtensibilityGlobals) = postSolution
		SolutionGuid = {BBFAAA20-A0B8-4AB7-BA7C-B49241F2BC1C}
	EndGlobalSection
EndGlobal
