
Microsoft Visual Studio Solution File, Format Version 12.00
# Visual Studio Version 17
VisualStudioVersion = 17.9.34728.123
MinimumVisualStudioVersion = 10.0.40219.1
Project("{FAE04EC0-301F-11D3-BF4B-00C04F79EFBC}") = "UsingTaskDemonstration03", "UsingTaskDemonstration03\UsingTaskDemonstration03.csproj", "{A422CE7B-5467-41A1-A683-02A65B42E036}"
EndProject
Global
	GlobalSection(SolutionConfigurationPlatforms) = preSolution
		Debug|Any CPU = Debug|Any CPU
		Release|Any CPU = Release|Any CPU
	EndGlobalSection
	GlobalSection(ProjectConfigurationPlatforms) = postSolution
		{A422CE7B-5467-41A1-A683-02A65B42E036}.Debug|Any CPU.ActiveCfg = Debug|Any CPU
		{A422CE7B-5467-41A1-A683-02A65B42E036}.Debug|Any CPU.Build.0 = Debug|Any CPU
		{A422CE7B-5467-41A1-A683-02A65B42E036}.Release|Any CPU.ActiveCfg = Release|Any CPU
		{A422CE7B-5467-41A1-A683-02A65B42E036}.Release|Any CPU.Build.0 = Release|Any CPU
	EndGlobalSection
	GlobalSection(SolutionProperties) = preSolution
		HideSolutionNode = FALSE
	EndGlobalSection
	GlobalSection(ExtensibilityGlobals) = postSolution
		SolutionGuid = {BEC42016-A1FF-4984-9E8D-9FA84B86BA01}
	EndGlobalSection
EndGlobal
